// !$*UTF8*$!
{
	archiveVersion = 1;
	classes = {
	};
	objectVersion = 56;
	objects = {

/* Begin PBXBuildFile section */
		0F0C20CD2A0CF76F00BAE35B /* ContentTable.swift in Sources */ = {isa = PBXBuildFile; fileRef = 0F0C20CC2A0CF76F00BAE35B /* ContentTable.swift */; };
		0F0C20CF2A0D56F800BAE35B /* SearchResults.swift in Sources */ = {isa = PBXBuildFile; fileRef = 0F0C20CE2A0D56F800BAE35B /* SearchResults.swift */; };
		0F11E7E32A1D4C3B00A15D6D /* ChatView.swift in Sources */ = {isa = PBXBuildFile; fileRef = 0F11E7E22A1D4C3B00A15D6D /* ChatView.swift */; };
		0F11E7E52A1D4C7300A15D6D /* ChatStore.swift in Sources */ = {isa = PBXBuildFile; fileRef = 0F11E7E42A1D4C7300A15D6D /* ChatStore.swift */; };
		0F8F9B612A0857810030BA31 /* Embedder.swift in Sources */ = {isa = PBXBuildFile; fileRef = 0F8F9B602A0857810030BA31 /* Embedder.swift */; };
		0F95A0892A1D5651002FD9C6 /* Conversation.swift in Sources */ = {isa = PBXBuildFile; fileRef = 0F95A0882A1D5651002FD9C6 /* Conversation.swift */; };
		0F95A08B2A1D5666002FD9C6 /* Message.swift in Sources */ = {isa = PBXBuildFile; fileRef = 0F95A08A2A1D5666002FD9C6 /* Message.swift */; };
		0F96A8692A00331C00AA4076 /* MainApp.swift in Sources */ = {isa = PBXBuildFile; fileRef = 0F96A8682A00331C00AA4076 /* MainApp.swift */; };
		0F96A86B2A00331C00AA4076 /* PDFReadWrite.swift in Sources */ = {isa = PBXBuildFile; fileRef = 0F96A86A2A00331C00AA4076 /* PDFReadWrite.swift */; };
		0F96A86D2A00331C00AA4076 /* AppView.swift in Sources */ = {isa = PBXBuildFile; fileRef = 0F96A86C2A00331C00AA4076 /* AppView.swift */; };
		0F96A86F2A00331F00AA4076 /* Assets.xcassets in Resources */ = {isa = PBXBuildFile; fileRef = 0F96A86E2A00331F00AA4076 /* Assets.xcassets */; };
		0F96A8722A00331F00AA4076 /* Preview Assets.xcassets in Resources */ = {isa = PBXBuildFile; fileRef = 0F96A8712A00331F00AA4076 /* Preview Assets.xcassets */; };
		0F96A87E2A00331F00AA4076 /* ViewAITests.swift in Sources */ = {isa = PBXBuildFile; fileRef = 0F96A87D2A00331F00AA4076 /* ViewAITests.swift */; };
		0F96A8882A00331F00AA4076 /* ViewAIUITests.swift in Sources */ = {isa = PBXBuildFile; fileRef = 0F96A8872A00331F00AA4076 /* ViewAIUITests.swift */; };
		0F96A88A2A00331F00AA4076 /* ViewAIUITestsLaunchTests.swift in Sources */ = {isa = PBXBuildFile; fileRef = 0F96A8892A00331F00AA4076 /* ViewAIUITestsLaunchTests.swift */; };
		0F96A8992A0508CC00AA4076 /* PDFViewWrapper.swift in Sources */ = {isa = PBXBuildFile; fileRef = 0F96A8982A0508CC00AA4076 /* PDFViewWrapper.swift */; };
		0F96A8A12A067CA200AA4076 /* PDFEmbed.swift in Sources */ = {isa = PBXBuildFile; fileRef = 0F96A8A02A067CA200AA4076 /* PDFEmbed.swift */; };
		0F96A8A62A068F9400AA4076 /* OpenAIEmbedder.swift in Sources */ = {isa = PBXBuildFile; fileRef = 0F96A8A52A068F9400AA4076 /* OpenAIEmbedder.swift */; };
		0F96A8AA2A07FD0A00AA4076 /* OpenAIEmbeddingDTO.swift in Sources */ = {isa = PBXBuildFile; fileRef = 0F96A8A92A07FD0A00AA4076 /* OpenAIEmbeddingDTO.swift */; };
		0F96A8AC2A07FD2D00AA4076 /* OpenAIUsageDTO.swift in Sources */ = {isa = PBXBuildFile; fileRef = 0F96A8AB2A07FD2D00AA4076 /* OpenAIUsageDTO.swift */; };
		0F96A8AE2A07FD6000AA4076 /* OpenAIDataEmbeddingDTO.swift in Sources */ = {isa = PBXBuildFile; fileRef = 0F96A8AD2A07FD6000AA4076 /* OpenAIDataEmbeddingDTO.swift */; };
		0FC70A6F2A3B17EE0025BF8B /* DetailView.swift in Sources */ = {isa = PBXBuildFile; fileRef = 0FC70A6E2A3B17EE0025BF8B /* DetailView.swift */; };
		0FC70A712A3B186C0025BF8B /* ChatBubble.swift in Sources */ = {isa = PBXBuildFile; fileRef = 0FC70A702A3B186C0025BF8B /* ChatBubble.swift */; };
		0FC7DCDA2A0FD83A006DB965 /* PDFDocument.swift in Sources */ = {isa = PBXBuildFile; fileRef = 0FC7DCD92A0FD83A006DB965 /* PDFDocument.swift */; };
		0FC7DCDC2A0FD896006DB965 /* PDFOutline.swift in Sources */ = {isa = PBXBuildFile; fileRef = 0FC7DCDB2A0FD896006DB965 /* PDFOutline.swift */; };
		0FC7DCDE2A0FD8B3006DB965 /* PDFSelection.swift in Sources */ = {isa = PBXBuildFile; fileRef = 0FC7DCDD2A0FD8B3006DB965 /* PDFSelection.swift */; };
		0FC7DCE12A1037AB006DB965 /* SettingsView.swift in Sources */ = {isa = PBXBuildFile; fileRef = 0FC7DCE02A1037AB006DB965 /* SettingsView.swift */; };
		0FC7DCE32A1037D5006DB965 /* GeneralSettingsView.swift in Sources */ = {isa = PBXBuildFile; fileRef = 0FC7DCE22A1037D5006DB965 /* GeneralSettingsView.swift */; };
		0FC7DCE62A103813006DB965 /* AdvancedSettingsView.swift in Sources */ = {isa = PBXBuildFile; fileRef = 0FC7DCE52A103813006DB965 /* AdvancedSettingsView.swift */; };
		0FC7DCE82A117168006DB965 /* EmbedPDFStore.swift in Sources */ = {isa = PBXBuildFile; fileRef = 0FC7DCE72A117168006DB965 /* EmbedPDFStore.swift */; };
		0FD6255D2A12A9EB004774CE /* EmbeddedPDFStoreFormat.swift in Sources */ = {isa = PBXBuildFile; fileRef = 0FD6255C2A12A9EB004774CE /* EmbeddedPDFStoreFormat.swift */; };
		0FD625602A12C21D004774CE /* PDFEmbedToStore.swift in Sources */ = {isa = PBXBuildFile; fileRef = 0FD6255F2A12C21D004774CE /* PDFEmbedToStore.swift */; };
		0FD625632A14D767004774CE /* App.xcdatamodeld in Sources */ = {isa = PBXBuildFile; fileRef = 0FD625612A14D767004774CE /* App.xcdatamodeld */; };
		0FD625652A14D907004774CE /* DataController.swift in Sources */ = {isa = PBXBuildFile; fileRef = 0FD625642A14D907004774CE /* DataController.swift */; };
		0FD625692A151CB8004774CE /* AppViewModel.swift in Sources */ = {isa = PBXBuildFile; fileRef = 0FD625682A151CB8004774CE /* AppViewModel.swift */; };
		0FFCDF032A5B56430057A61D /* IDProvider.swift in Sources */ = {isa = PBXBuildFile; fileRef = 0FFCDF022A5B56430057A61D /* IDProvider.swift */; };
		0FFCDF052A5B637A0057A61D /* OpenAI in Frameworks */ = {isa = PBXBuildFile; productRef = 0FFCDF042A5B637A0057A61D /* OpenAI */; };
		0FFCDF072A5B64370057A61D /* DateProvider.swift in Sources */ = {isa = PBXBuildFile; fileRef = 0FFCDF062A5B64370057A61D /* DateProvider.swift */; };
/* End PBXBuildFile section */

/* Begin PBXContainerItemProxy section */
		0F96A87A2A00331F00AA4076 /* PBXContainerItemProxy */ = {
			isa = PBXContainerItemProxy;
			containerPortal = 0F96A85D2A00331C00AA4076 /* Project object */;
			proxyType = 1;
			remoteGlobalIDString = 0F96A8642A00331C00AA4076;
			remoteInfo = ViewAI;
		};
		0F96A8842A00331F00AA4076 /* PBXContainerItemProxy */ = {
			isa = PBXContainerItemProxy;
			containerPortal = 0F96A85D2A00331C00AA4076 /* Project object */;
			proxyType = 1;
			remoteGlobalIDString = 0F96A8642A00331C00AA4076;
			remoteInfo = ViewAI;
		};
/* End PBXContainerItemProxy section */

/* Begin PBXFileReference section */
		0F0C20CC2A0CF76F00BAE35B /* ContentTable.swift */ = {isa = PBXFileReference; lastKnownFileType = sourcecode.swift; path = ContentTable.swift; sourceTree = "<group>"; };
		0F0C20CE2A0D56F800BAE35B /* SearchResults.swift */ = {isa = PBXFileReference; lastKnownFileType = sourcecode.swift; path = SearchResults.swift; sourceTree = "<group>"; };
		0F11E7E22A1D4C3B00A15D6D /* ChatView.swift */ = {isa = PBXFileReference; lastKnownFileType = sourcecode.swift; path = ChatView.swift; sourceTree = "<group>"; };
		0F11E7E42A1D4C7300A15D6D /* ChatStore.swift */ = {isa = PBXFileReference; lastKnownFileType = sourcecode.swift; path = ChatStore.swift; sourceTree = "<group>"; };
		0F8F9B602A0857810030BA31 /* Embedder.swift */ = {isa = PBXFileReference; lastKnownFileType = sourcecode.swift; path = Embedder.swift; sourceTree = "<group>"; };
		0F95A0882A1D5651002FD9C6 /* Conversation.swift */ = {isa = PBXFileReference; lastKnownFileType = sourcecode.swift; path = Conversation.swift; sourceTree = "<group>"; };
		0F95A08A2A1D5666002FD9C6 /* Message.swift */ = {isa = PBXFileReference; lastKnownFileType = sourcecode.swift; path = Message.swift; sourceTree = "<group>"; };
		0F96A8652A00331C00AA4076 /* ViewAI.app */ = {isa = PBXFileReference; explicitFileType = wrapper.application; includeInIndex = 0; path = ViewAI.app; sourceTree = BUILT_PRODUCTS_DIR; };
		0F96A8682A00331C00AA4076 /* MainApp.swift */ = {isa = PBXFileReference; lastKnownFileType = sourcecode.swift; path = MainApp.swift; sourceTree = "<group>"; };
		0F96A86A2A00331C00AA4076 /* PDFReadWrite.swift */ = {isa = PBXFileReference; lastKnownFileType = sourcecode.swift; path = PDFReadWrite.swift; sourceTree = "<group>"; };
		0F96A86C2A00331C00AA4076 /* AppView.swift */ = {isa = PBXFileReference; lastKnownFileType = sourcecode.swift; path = AppView.swift; sourceTree = "<group>"; };
		0F96A86E2A00331F00AA4076 /* Assets.xcassets */ = {isa = PBXFileReference; lastKnownFileType = folder.assetcatalog; path = Assets.xcassets; sourceTree = "<group>"; };
		0F96A8712A00331F00AA4076 /* Preview Assets.xcassets */ = {isa = PBXFileReference; lastKnownFileType = folder.assetcatalog; path = "Preview Assets.xcassets"; sourceTree = "<group>"; };
		0F96A8732A00331F00AA4076 /* Info.plist */ = {isa = PBXFileReference; lastKnownFileType = text.plist.xml; path = Info.plist; sourceTree = "<group>"; };
		0F96A8742A00331F00AA4076 /* ViewAI.entitlements */ = {isa = PBXFileReference; lastKnownFileType = text.plist.entitlements; path = ViewAI.entitlements; sourceTree = "<group>"; };
		0F96A8792A00331F00AA4076 /* ViewAITests.xctest */ = {isa = PBXFileReference; explicitFileType = wrapper.cfbundle; includeInIndex = 0; path = ViewAITests.xctest; sourceTree = BUILT_PRODUCTS_DIR; };
		0F96A87D2A00331F00AA4076 /* ViewAITests.swift */ = {isa = PBXFileReference; lastKnownFileType = sourcecode.swift; path = ViewAITests.swift; sourceTree = "<group>"; };
		0F96A8832A00331F00AA4076 /* ViewAIUITests.xctest */ = {isa = PBXFileReference; explicitFileType = wrapper.cfbundle; includeInIndex = 0; path = ViewAIUITests.xctest; sourceTree = BUILT_PRODUCTS_DIR; };
		0F96A8872A00331F00AA4076 /* ViewAIUITests.swift */ = {isa = PBXFileReference; lastKnownFileType = sourcecode.swift; path = ViewAIUITests.swift; sourceTree = "<group>"; };
		0F96A8892A00331F00AA4076 /* ViewAIUITestsLaunchTests.swift */ = {isa = PBXFileReference; lastKnownFileType = sourcecode.swift; path = ViewAIUITestsLaunchTests.swift; sourceTree = "<group>"; };
		0F96A8982A0508CC00AA4076 /* PDFViewWrapper.swift */ = {isa = PBXFileReference; lastKnownFileType = sourcecode.swift; path = PDFViewWrapper.swift; sourceTree = "<group>"; };
		0F96A8A02A067CA200AA4076 /* PDFEmbed.swift */ = {isa = PBXFileReference; lastKnownFileType = sourcecode.swift; path = PDFEmbed.swift; sourceTree = "<group>"; };
		0F96A8A52A068F9400AA4076 /* OpenAIEmbedder.swift */ = {isa = PBXFileReference; lastKnownFileType = sourcecode.swift; path = OpenAIEmbedder.swift; sourceTree = "<group>"; };
		0F96A8A92A07FD0A00AA4076 /* OpenAIEmbeddingDTO.swift */ = {isa = PBXFileReference; lastKnownFileType = sourcecode.swift; path = OpenAIEmbeddingDTO.swift; sourceTree = "<group>"; };
		0F96A8AB2A07FD2D00AA4076 /* OpenAIUsageDTO.swift */ = {isa = PBXFileReference; lastKnownFileType = sourcecode.swift; path = OpenAIUsageDTO.swift; sourceTree = "<group>"; };
		0F96A8AD2A07FD6000AA4076 /* OpenAIDataEmbeddingDTO.swift */ = {isa = PBXFileReference; lastKnownFileType = sourcecode.swift; path = OpenAIDataEmbeddingDTO.swift; sourceTree = "<group>"; };
		0FC70A6E2A3B17EE0025BF8B /* DetailView.swift */ = {isa = PBXFileReference; lastKnownFileType = sourcecode.swift; path = DetailView.swift; sourceTree = "<group>"; };
		0FC70A702A3B186C0025BF8B /* ChatBubble.swift */ = {isa = PBXFileReference; lastKnownFileType = sourcecode.swift; path = ChatBubble.swift; sourceTree = "<group>"; };
		0FC7DCD92A0FD83A006DB965 /* PDFDocument.swift */ = {isa = PBXFileReference; lastKnownFileType = sourcecode.swift; path = PDFDocument.swift; sourceTree = "<group>"; };
		0FC7DCDB2A0FD896006DB965 /* PDFOutline.swift */ = {isa = PBXFileReference; lastKnownFileType = sourcecode.swift; path = PDFOutline.swift; sourceTree = "<group>"; };
		0FC7DCDD2A0FD8B3006DB965 /* PDFSelection.swift */ = {isa = PBXFileReference; lastKnownFileType = sourcecode.swift; path = PDFSelection.swift; sourceTree = "<group>"; };
		0FC7DCE02A1037AB006DB965 /* SettingsView.swift */ = {isa = PBXFileReference; lastKnownFileType = sourcecode.swift; path = SettingsView.swift; sourceTree = "<group>"; };
		0FC7DCE22A1037D5006DB965 /* GeneralSettingsView.swift */ = {isa = PBXFileReference; lastKnownFileType = sourcecode.swift; path = GeneralSettingsView.swift; sourceTree = "<group>"; };
		0FC7DCE52A103813006DB965 /* AdvancedSettingsView.swift */ = {isa = PBXFileReference; lastKnownFileType = sourcecode.swift; path = AdvancedSettingsView.swift; sourceTree = "<group>"; };
		0FC7DCE72A117168006DB965 /* EmbedPDFStore.swift */ = {isa = PBXFileReference; lastKnownFileType = sourcecode.swift; path = EmbedPDFStore.swift; sourceTree = "<group>"; };
		0FD6255C2A12A9EB004774CE /* EmbeddedPDFStoreFormat.swift */ = {isa = PBXFileReference; lastKnownFileType = sourcecode.swift; path = EmbeddedPDFStoreFormat.swift; sourceTree = "<group>"; };
		0FD6255F2A12C21D004774CE /* PDFEmbedToStore.swift */ = {isa = PBXFileReference; lastKnownFileType = sourcecode.swift; path = PDFEmbedToStore.swift; sourceTree = "<group>"; };
		0FD625622A14D767004774CE /* App.xcdatamodel */ = {isa = PBXFileReference; lastKnownFileType = wrapper.xcdatamodel; path = App.xcdatamodel; sourceTree = "<group>"; };
		0FD625642A14D907004774CE /* DataController.swift */ = {isa = PBXFileReference; lastKnownFileType = sourcecode.swift; path = DataController.swift; sourceTree = "<group>"; };
		0FD625682A151CB8004774CE /* AppViewModel.swift */ = {isa = PBXFileReference; lastKnownFileType = sourcecode.swift; path = AppViewModel.swift; sourceTree = "<group>"; };
		0FFCDF022A5B56430057A61D /* IDProvider.swift */ = {isa = PBXFileReference; lastKnownFileType = sourcecode.swift; path = IDProvider.swift; sourceTree = "<group>"; };
		0FFCDF062A5B64370057A61D /* DateProvider.swift */ = {isa = PBXFileReference; lastKnownFileType = sourcecode.swift; path = DateProvider.swift; sourceTree = "<group>"; };
/* End PBXFileReference section */

/* Begin PBXFrameworksBuildPhase section */
		0F96A8622A00331C00AA4076 /* Frameworks */ = {
			isa = PBXFrameworksBuildPhase;
			buildActionMask = 2147483647;
			files = (
				0FFCDF052A5B637A0057A61D /* OpenAI in Frameworks */,
			);
			runOnlyForDeploymentPostprocessing = 0;
		};
		0F96A8762A00331F00AA4076 /* Frameworks */ = {
			isa = PBXFrameworksBuildPhase;
			buildActionMask = 2147483647;
			files = (
			);
			runOnlyForDeploymentPostprocessing = 0;
		};
		0F96A8802A00331F00AA4076 /* Frameworks */ = {
			isa = PBXFrameworksBuildPhase;
			buildActionMask = 2147483647;
			files = (
			);
			runOnlyForDeploymentPostprocessing = 0;
		};
/* End PBXFrameworksBuildPhase section */

/* Begin PBXGroup section */
		0F95A0872A1D562F002FD9C6 /* Models */ = {
			isa = PBXGroup;
			children = (
				0F95A0882A1D5651002FD9C6 /* Conversation.swift */,
				0F95A08A2A1D5666002FD9C6 /* Message.swift */,
			);
			path = Models;
			sourceTree = "<group>";
		};
		0F96A85C2A00331C00AA4076 = {
			isa = PBXGroup;
			children = (
				0F96A8672A00331C00AA4076 /* ViewAI */,
				0F96A87C2A00331F00AA4076 /* ViewAITests */,
				0F96A8862A00331F00AA4076 /* ViewAIUITests */,
				0F96A8662A00331C00AA4076 /* Products */,
				0FCA71F92A312A4C0032AC1C /* Frameworks */,
			);
			sourceTree = "<group>";
		};
		0F96A8662A00331C00AA4076 /* Products */ = {
			isa = PBXGroup;
			children = (
				0F96A8652A00331C00AA4076 /* ViewAI.app */,
				0F96A8792A00331F00AA4076 /* ViewAITests.xctest */,
				0F96A8832A00331F00AA4076 /* ViewAIUITests.xctest */,
			);
			name = Products;
			sourceTree = "<group>";
		};
		0F96A8672A00331C00AA4076 /* ViewAI */ = {
			isa = PBXGroup;
			children = (
				0F95A0872A1D562F002FD9C6 /* Models */,
				0F96A8A22A068EEE00AA4076 /* Embedders */,
				0F96A89F2A067BCE00AA4076 /* PDF */,
				0FC7DCDF2A0FDA80006DB965 /* Views */,
				0FD625582A12A88C004774CE /* Mappers */,
				0FD625572A12A870004774CE /* Resources */,
				0F96A8682A00331C00AA4076 /* MainApp.swift */,
				0F96A86E2A00331F00AA4076 /* Assets.xcassets */,
				0F96A8732A00331F00AA4076 /* Info.plist */,
				0F96A8742A00331F00AA4076 /* ViewAI.entitlements */,
				0F96A8702A00331F00AA4076 /* Preview Content */,
				0FD625612A14D767004774CE /* App.xcdatamodeld */,
				0FD625642A14D907004774CE /* DataController.swift */,
			);
			path = ViewAI;
			sourceTree = "<group>";
		};
		0F96A8702A00331F00AA4076 /* Preview Content */ = {
			isa = PBXGroup;
			children = (
				0F96A8712A00331F00AA4076 /* Preview Assets.xcassets */,
			);
			path = "Preview Content";
			sourceTree = "<group>";
		};
		0F96A87C2A00331F00AA4076 /* ViewAITests */ = {
			isa = PBXGroup;
			children = (
				0F96A87D2A00331F00AA4076 /* ViewAITests.swift */,
			);
			path = ViewAITests;
			sourceTree = "<group>";
		};
		0F96A8862A00331F00AA4076 /* ViewAIUITests */ = {
			isa = PBXGroup;
			children = (
				0F96A8872A00331F00AA4076 /* ViewAIUITests.swift */,
				0F96A8892A00331F00AA4076 /* ViewAIUITestsLaunchTests.swift */,
			);
			path = ViewAIUITests;
			sourceTree = "<group>";
		};
		0F96A89F2A067BCE00AA4076 /* PDF */ = {
			isa = PBXGroup;
			children = (
				0FC7DCD82A0FD827006DB965 /* PDFKit */,
				0F96A86A2A00331C00AA4076 /* PDFReadWrite.swift */,
				0F96A8A02A067CA200AA4076 /* PDFEmbed.swift */,
				0F96A8982A0508CC00AA4076 /* PDFViewWrapper.swift */,
			);
			path = PDF;
			sourceTree = "<group>";
		};
		0F96A8A22A068EEE00AA4076 /* Embedders */ = {
			isa = PBXGroup;
			children = (
				0FD625592A12A8CE004774CE /* OpenAI */,
				0F8F9B602A0857810030BA31 /* Embedder.swift */,
			);
			path = Embedders;
			sourceTree = "<group>";
		};
		0F96A8A82A07FCF400AA4076 /* dto */ = {
			isa = PBXGroup;
			children = (
				0F96A8A92A07FD0A00AA4076 /* OpenAIEmbeddingDTO.swift */,
				0F96A8AB2A07FD2D00AA4076 /* OpenAIUsageDTO.swift */,
				0F96A8AD2A07FD6000AA4076 /* OpenAIDataEmbeddingDTO.swift */,
			);
			path = dto;
			sourceTree = "<group>";
		};
		0FC70A722A3B187C0025BF8B /* Chat */ = {
			isa = PBXGroup;
			children = (
				0FC70A702A3B186C0025BF8B /* ChatBubble.swift */,
				0FC70A6E2A3B17EE0025BF8B /* DetailView.swift */,
				0F11E7E22A1D4C3B00A15D6D /* ChatView.swift */,
				0F11E7E42A1D4C7300A15D6D /* ChatStore.swift */,
			);
			path = Chat;
			sourceTree = "<group>";
		};
		0FC7DCD82A0FD827006DB965 /* PDFKit */ = {
			isa = PBXGroup;
			children = (
				0FC7DCD92A0FD83A006DB965 /* PDFDocument.swift */,
				0FC7DCDB2A0FD896006DB965 /* PDFOutline.swift */,
				0FC7DCDD2A0FD8B3006DB965 /* PDFSelection.swift */,
			);
			path = PDFKit;
			sourceTree = "<group>";
		};
		0FC7DCDF2A0FDA80006DB965 /* Views */ = {
			isa = PBXGroup;
			children = (
				0FFCDF012A5B562E0057A61D /* Environment */,
				0FC70A722A3B187C0025BF8B /* Chat */,
				0FD6255E2A12AA48004774CE /* Navigation */,
				0FC7DCE42A1037F8006DB965 /* Settings */,
				0F96A86C2A00331C00AA4076 /* AppView.swift */,
				0FD625682A151CB8004774CE /* AppViewModel.swift */,
			);
			path = Views;
			sourceTree = "<group>";
		};
		0FC7DCE42A1037F8006DB965 /* Settings */ = {
			isa = PBXGroup;
			children = (
				0FC7DCE22A1037D5006DB965 /* GeneralSettingsView.swift */,
				0FC7DCE52A103813006DB965 /* AdvancedSettingsView.swift */,
				0FC7DCE02A1037AB006DB965 /* SettingsView.swift */,
			);
			path = Settings;
			sourceTree = "<group>";
		};
		0FCA71F92A312A4C0032AC1C /* Frameworks */ = {
			isa = PBXGroup;
			children = (
			);
			name = Frameworks;
			sourceTree = "<group>";
		};
		0FD625572A12A870004774CE /* Resources */ = {
			isa = PBXGroup;
			children = (
				0FD6255B2A12A9D2004774CE /* Dto */,
				0FC7DCE72A117168006DB965 /* EmbedPDFStore.swift */,
			);
			path = Resources;
			sourceTree = "<group>";
		};
		0FD625582A12A88C004774CE /* Mappers */ = {
			isa = PBXGroup;
			children = (
				0FD6255F2A12C21D004774CE /* PDFEmbedToStore.swift */,
			);
			path = Mappers;
			sourceTree = "<group>";
		};
		0FD625592A12A8CE004774CE /* OpenAI */ = {
			isa = PBXGroup;
			children = (
				0F96A8A82A07FCF400AA4076 /* dto */,
				0F96A8A52A068F9400AA4076 /* OpenAIEmbedder.swift */,
			);
			path = OpenAI;
			sourceTree = "<group>";
		};
		0FD6255B2A12A9D2004774CE /* Dto */ = {
			isa = PBXGroup;
			children = (
				0FD6255C2A12A9EB004774CE /* EmbeddedPDFStoreFormat.swift */,
			);
			path = Dto;
			sourceTree = "<group>";
		};
		0FD6255E2A12AA48004774CE /* Navigation */ = {
			isa = PBXGroup;
			children = (
				0F0C20CC2A0CF76F00BAE35B /* ContentTable.swift */,
				0F0C20CE2A0D56F800BAE35B /* SearchResults.swift */,
			);
			path = Navigation;
			sourceTree = "<group>";
		};
		0FFCDF012A5B562E0057A61D /* Environment */ = {
			isa = PBXGroup;
			children = (
				0FFCDF022A5B56430057A61D /* IDProvider.swift */,
				0FFCDF062A5B64370057A61D /* DateProvider.swift */,
			);
			path = Environment;
			sourceTree = "<group>";
		};
/* End PBXGroup section */

/* Begin PBXNativeTarget section */
		0F96A8642A00331C00AA4076 /* ViewAI */ = {
			isa = PBXNativeTarget;
			buildConfigurationList = 0F96A88D2A00331F00AA4076 /* Build configuration list for PBXNativeTarget "ViewAI" */;
			buildPhases = (
				0F96A8612A00331C00AA4076 /* Sources */,
				0F96A8622A00331C00AA4076 /* Frameworks */,
				0F96A8632A00331C00AA4076 /* Resources */,
			);
			buildRules = (
			);
			dependencies = (
			);
			name = ViewAI;
			packageProductDependencies = (
				0FFCDF042A5B637A0057A61D /* OpenAI */,
			);
			productName = ViewAI;
			productReference = 0F96A8652A00331C00AA4076 /* ViewAI.app */;
			productType = "com.apple.product-type.application";
		};
		0F96A8782A00331F00AA4076 /* ViewAITests */ = {
			isa = PBXNativeTarget;
			buildConfigurationList = 0F96A8902A00331F00AA4076 /* Build configuration list for PBXNativeTarget "ViewAITests" */;
			buildPhases = (
				0F96A8752A00331F00AA4076 /* Sources */,
				0F96A8762A00331F00AA4076 /* Frameworks */,
				0F96A8772A00331F00AA4076 /* Resources */,
			);
			buildRules = (
			);
			dependencies = (
				0F96A87B2A00331F00AA4076 /* PBXTargetDependency */,
			);
			name = ViewAITests;
			productName = ViewAITests;
			productReference = 0F96A8792A00331F00AA4076 /* ViewAITests.xctest */;
			productType = "com.apple.product-type.bundle.unit-test";
		};
		0F96A8822A00331F00AA4076 /* ViewAIUITests */ = {
			isa = PBXNativeTarget;
			buildConfigurationList = 0F96A8932A00331F00AA4076 /* Build configuration list for PBXNativeTarget "ViewAIUITests" */;
			buildPhases = (
				0F96A87F2A00331F00AA4076 /* Sources */,
				0F96A8802A00331F00AA4076 /* Frameworks */,
				0F96A8812A00331F00AA4076 /* Resources */,
			);
			buildRules = (
			);
			dependencies = (
				0F96A8852A00331F00AA4076 /* PBXTargetDependency */,
			);
			name = ViewAIUITests;
			productName = ViewAIUITests;
			productReference = 0F96A8832A00331F00AA4076 /* ViewAIUITests.xctest */;
			productType = "com.apple.product-type.bundle.ui-testing";
		};
/* End PBXNativeTarget section */

/* Begin PBXProject section */
		0F96A85D2A00331C00AA4076 /* Project object */ = {
			isa = PBXProject;
			attributes = {
				BuildIndependentTargetsInParallel = 1;
				LastSwiftUpdateCheck = 1430;
				LastUpgradeCheck = 1430;
				TargetAttributes = {
					0F96A8642A00331C00AA4076 = {
						CreatedOnToolsVersion = 14.3;
					};
					0F96A8782A00331F00AA4076 = {
						CreatedOnToolsVersion = 14.3;
						TestTargetID = 0F96A8642A00331C00AA4076;
					};
					0F96A8822A00331F00AA4076 = {
						CreatedOnToolsVersion = 14.3;
						TestTargetID = 0F96A8642A00331C00AA4076;
					};
				};
			};
			buildConfigurationList = 0F96A8602A00331C00AA4076 /* Build configuration list for PBXProject "ViewAI" */;
			compatibilityVersion = "Xcode 14.0";
			developmentRegion = en;
			hasScannedForEncodings = 0;
			knownRegions = (
				en,
				Base,
			);
			mainGroup = 0F96A85C2A00331C00AA4076;
			packageReferences = (
				0FFCDEFE2A5B54DD0057A61D /* XCRemoteSwiftPackageReference "OpenAI" */,
			);
			productRefGroup = 0F96A8662A00331C00AA4076 /* Products */;
			projectDirPath = "";
			projectRoot = "";
			targets = (
				0F96A8642A00331C00AA4076 /* ViewAI */,
				0F96A8782A00331F00AA4076 /* ViewAITests */,
				0F96A8822A00331F00AA4076 /* ViewAIUITests */,
			);
		};
/* End PBXProject section */

/* Begin PBXResourcesBuildPhase section */
		0F96A8632A00331C00AA4076 /* Resources */ = {
			isa = PBXResourcesBuildPhase;
			buildActionMask = 2147483647;
			files = (
				0F96A8722A00331F00AA4076 /* Preview Assets.xcassets in Resources */,
				0F96A86F2A00331F00AA4076 /* Assets.xcassets in Resources */,
			);
			runOnlyForDeploymentPostprocessing = 0;
		};
		0F96A8772A00331F00AA4076 /* Resources */ = {
			isa = PBXResourcesBuildPhase;
			buildActionMask = 2147483647;
			files = (
			);
			runOnlyForDeploymentPostprocessing = 0;
		};
		0F96A8812A00331F00AA4076 /* Resources */ = {
			isa = PBXResourcesBuildPhase;
			buildActionMask = 2147483647;
			files = (
			);
			runOnlyForDeploymentPostprocessing = 0;
		};
/* End PBXResourcesBuildPhase section */

/* Begin PBXSourcesBuildPhase section */
		0F96A8612A00331C00AA4076 /* Sources */ = {
			isa = PBXSourcesBuildPhase;
			buildActionMask = 2147483647;
			files = (
				0F96A8A62A068F9400AA4076 /* OpenAIEmbedder.swift in Sources */,
				0FC70A712A3B186C0025BF8B /* ChatBubble.swift in Sources */,
				0F96A8AA2A07FD0A00AA4076 /* OpenAIEmbeddingDTO.swift in Sources */,
				0F95A0892A1D5651002FD9C6 /* Conversation.swift in Sources */,
				0FD625692A151CB8004774CE /* AppViewModel.swift in Sources */,
				0F11E7E52A1D4C7300A15D6D /* ChatStore.swift in Sources */,
				0F96A8A12A067CA200AA4076 /* PDFEmbed.swift in Sources */,
				0F11E7E32A1D4C3B00A15D6D /* ChatView.swift in Sources */,
				0F0C20CD2A0CF76F00BAE35B /* ContentTable.swift in Sources */,
				0FC7DCE82A117168006DB965 /* EmbedPDFStore.swift in Sources */,
				0F0C20CF2A0D56F800BAE35B /* SearchResults.swift in Sources */,
				0FD625602A12C21D004774CE /* PDFEmbedToStore.swift in Sources */,
				0FC7DCDC2A0FD896006DB965 /* PDFOutline.swift in Sources */,
				0F96A8AE2A07FD6000AA4076 /* OpenAIDataEmbeddingDTO.swift in Sources */,
				0F96A8AC2A07FD2D00AA4076 /* OpenAIUsageDTO.swift in Sources */,
				0FD6255D2A12A9EB004774CE /* EmbeddedPDFStoreFormat.swift in Sources */,
				0FC70A6F2A3B17EE0025BF8B /* DetailView.swift in Sources */,
				0F96A8692A00331C00AA4076 /* MainApp.swift in Sources */,
				0FC7DCE12A1037AB006DB965 /* SettingsView.swift in Sources */,
				0FC7DCE32A1037D5006DB965 /* GeneralSettingsView.swift in Sources */,
				0FC7DCE62A103813006DB965 /* AdvancedSettingsView.swift in Sources */,
				0FD625632A14D767004774CE /* App.xcdatamodeld in Sources */,
				0FFCDF072A5B64370057A61D /* DateProvider.swift in Sources */,
				0FFCDF032A5B56430057A61D /* IDProvider.swift in Sources */,
				0F96A8992A0508CC00AA4076 /* PDFViewWrapper.swift in Sources */,
				0F8F9B612A0857810030BA31 /* Embedder.swift in Sources */,
				0F96A86B2A00331C00AA4076 /* PDFReadWrite.swift in Sources */,
				0FC7DCDE2A0FD8B3006DB965 /* PDFSelection.swift in Sources */,
				0FD625652A14D907004774CE /* DataController.swift in Sources */,
				0F95A08B2A1D5666002FD9C6 /* Message.swift in Sources */,
				0FC7DCDA2A0FD83A006DB965 /* PDFDocument.swift in Sources */,
				0F96A86D2A00331C00AA4076 /* AppView.swift in Sources */,
			);
			runOnlyForDeploymentPostprocessing = 0;
		};
		0F96A8752A00331F00AA4076 /* Sources */ = {
			isa = PBXSourcesBuildPhase;
			buildActionMask = 2147483647;
			files = (
				0F96A87E2A00331F00AA4076 /* ViewAITests.swift in Sources */,
			);
			runOnlyForDeploymentPostprocessing = 0;
		};
		0F96A87F2A00331F00AA4076 /* Sources */ = {
			isa = PBXSourcesBuildPhase;
			buildActionMask = 2147483647;
			files = (
				0F96A8882A00331F00AA4076 /* ViewAIUITests.swift in Sources */,
				0F96A88A2A00331F00AA4076 /* ViewAIUITestsLaunchTests.swift in Sources */,
			);
			runOnlyForDeploymentPostprocessing = 0;
		};
/* End PBXSourcesBuildPhase section */

/* Begin PBXTargetDependency section */
		0F96A87B2A00331F00AA4076 /* PBXTargetDependency */ = {
			isa = PBXTargetDependency;
			target = 0F96A8642A00331C00AA4076 /* ViewAI */;
			targetProxy = 0F96A87A2A00331F00AA4076 /* PBXContainerItemProxy */;
		};
		0F96A8852A00331F00AA4076 /* PBXTargetDependency */ = {
			isa = PBXTargetDependency;
			target = 0F96A8642A00331C00AA4076 /* ViewAI */;
			targetProxy = 0F96A8842A00331F00AA4076 /* PBXContainerItemProxy */;
		};
/* End PBXTargetDependency section */

/* Begin XCBuildConfiguration section */
		0F96A88B2A00331F00AA4076 /* Debug */ = {
			isa = XCBuildConfiguration;
			buildSettings = {
				ALWAYS_SEARCH_USER_PATHS = NO;
				CLANG_ANALYZER_NONNULL = YES;
				CLANG_ANALYZER_NUMBER_OBJECT_CONVERSION = YES_AGGRESSIVE;
				CLANG_CXX_LANGUAGE_STANDARD = "gnu++20";
				CLANG_ENABLE_MODULES = YES;
				CLANG_ENABLE_OBJC_ARC = YES;
				CLANG_ENABLE_OBJC_WEAK = YES;
				CLANG_WARN_BLOCK_CAPTURE_AUTORELEASING = YES;
				CLANG_WARN_BOOL_CONVERSION = YES;
				CLANG_WARN_COMMA = YES;
				CLANG_WARN_CONSTANT_CONVERSION = YES;
				CLANG_WARN_DEPRECATED_OBJC_IMPLEMENTATIONS = YES;
				CLANG_WARN_DIRECT_OBJC_ISA_USAGE = YES_ERROR;
				CLANG_WARN_DOCUMENTATION_COMMENTS = YES;
				CLANG_WARN_EMPTY_BODY = YES;
				CLANG_WARN_ENUM_CONVERSION = YES;
				CLANG_WARN_INFINITE_RECURSION = YES;
				CLANG_WARN_INT_CONVERSION = YES;
				CLANG_WARN_NON_LITERAL_NULL_CONVERSION = YES;
				CLANG_WARN_OBJC_IMPLICIT_RETAIN_SELF = YES;
				CLANG_WARN_OBJC_LITERAL_CONVERSION = YES;
				CLANG_WARN_OBJC_ROOT_CLASS = YES_ERROR;
				CLANG_WARN_QUOTED_INCLUDE_IN_FRAMEWORK_HEADER = YES;
				CLANG_WARN_RANGE_LOOP_ANALYSIS = YES;
				CLANG_WARN_STRICT_PROTOTYPES = YES;
				CLANG_WARN_SUSPICIOUS_MOVE = YES;
				CLANG_WARN_UNGUARDED_AVAILABILITY = YES_AGGRESSIVE;
				CLANG_WARN_UNREACHABLE_CODE = YES;
				CLANG_WARN__DUPLICATE_METHOD_MATCH = YES;
				COPY_PHASE_STRIP = NO;
				DEBUG_INFORMATION_FORMAT = dwarf;
				ENABLE_STRICT_OBJC_MSGSEND = YES;
				ENABLE_TESTABILITY = YES;
				GCC_C_LANGUAGE_STANDARD = gnu11;
				GCC_DYNAMIC_NO_PIC = NO;
				GCC_NO_COMMON_BLOCKS = YES;
				GCC_OPTIMIZATION_LEVEL = 0;
				GCC_PREPROCESSOR_DEFINITIONS = (
					"DEBUG=1",
					"$(inherited)",
				);
				GCC_WARN_64_TO_32_BIT_CONVERSION = YES;
				GCC_WARN_ABOUT_RETURN_TYPE = YES_ERROR;
				GCC_WARN_UNDECLARED_SELECTOR = YES;
				GCC_WARN_UNINITIALIZED_AUTOS = YES_AGGRESSIVE;
				GCC_WARN_UNUSED_FUNCTION = YES;
				GCC_WARN_UNUSED_VARIABLE = YES;
				MACOSX_DEPLOYMENT_TARGET = 13.2;
				MTL_ENABLE_DEBUG_INFO = INCLUDE_SOURCE;
				MTL_FAST_MATH = YES;
				ONLY_ACTIVE_ARCH = YES;
				SDKROOT = macosx;
				SWIFT_ACTIVE_COMPILATION_CONDITIONS = DEBUG;
				SWIFT_OPTIMIZATION_LEVEL = "-Onone";
			};
			name = Debug;
		};
		0F96A88C2A00331F00AA4076 /* Release */ = {
			isa = XCBuildConfiguration;
			buildSettings = {
				ALWAYS_SEARCH_USER_PATHS = NO;
				CLANG_ANALYZER_NONNULL = YES;
				CLANG_ANALYZER_NUMBER_OBJECT_CONVERSION = YES_AGGRESSIVE;
				CLANG_CXX_LANGUAGE_STANDARD = "gnu++20";
				CLANG_ENABLE_MODULES = YES;
				CLANG_ENABLE_OBJC_ARC = YES;
				CLANG_ENABLE_OBJC_WEAK = YES;
				CLANG_WARN_BLOCK_CAPTURE_AUTORELEASING = YES;
				CLANG_WARN_BOOL_CONVERSION = YES;
				CLANG_WARN_COMMA = YES;
				CLANG_WARN_CONSTANT_CONVERSION = YES;
				CLANG_WARN_DEPRECATED_OBJC_IMPLEMENTATIONS = YES;
				CLANG_WARN_DIRECT_OBJC_ISA_USAGE = YES_ERROR;
				CLANG_WARN_DOCUMENTATION_COMMENTS = YES;
				CLANG_WARN_EMPTY_BODY = YES;
				CLANG_WARN_ENUM_CONVERSION = YES;
				CLANG_WARN_INFINITE_RECURSION = YES;
				CLANG_WARN_INT_CONVERSION = YES;
				CLANG_WARN_NON_LITERAL_NULL_CONVERSION = YES;
				CLANG_WARN_OBJC_IMPLICIT_RETAIN_SELF = YES;
				CLANG_WARN_OBJC_LITERAL_CONVERSION = YES;
				CLANG_WARN_OBJC_ROOT_CLASS = YES_ERROR;
				CLANG_WARN_QUOTED_INCLUDE_IN_FRAMEWORK_HEADER = YES;
				CLANG_WARN_RANGE_LOOP_ANALYSIS = YES;
				CLANG_WARN_STRICT_PROTOTYPES = YES;
				CLANG_WARN_SUSPICIOUS_MOVE = YES;
				CLANG_WARN_UNGUARDED_AVAILABILITY = YES_AGGRESSIVE;
				CLANG_WARN_UNREACHABLE_CODE = YES;
				CLANG_WARN__DUPLICATE_METHOD_MATCH = YES;
				COPY_PHASE_STRIP = NO;
				DEBUG_INFORMATION_FORMAT = "dwarf-with-dsym";
				ENABLE_NS_ASSERTIONS = NO;
				ENABLE_STRICT_OBJC_MSGSEND = YES;
				GCC_C_LANGUAGE_STANDARD = gnu11;
				GCC_NO_COMMON_BLOCKS = YES;
				GCC_WARN_64_TO_32_BIT_CONVERSION = YES;
				GCC_WARN_ABOUT_RETURN_TYPE = YES_ERROR;
				GCC_WARN_UNDECLARED_SELECTOR = YES;
				GCC_WARN_UNINITIALIZED_AUTOS = YES_AGGRESSIVE;
				GCC_WARN_UNUSED_FUNCTION = YES;
				GCC_WARN_UNUSED_VARIABLE = YES;
				MACOSX_DEPLOYMENT_TARGET = 13.2;
				MTL_ENABLE_DEBUG_INFO = NO;
				MTL_FAST_MATH = YES;
				SDKROOT = macosx;
				SWIFT_COMPILATION_MODE = wholemodule;
				SWIFT_OPTIMIZATION_LEVEL = "-O";
			};
			name = Release;
		};
		0F96A88E2A00331F00AA4076 /* Debug */ = {
			isa = XCBuildConfiguration;
			buildSettings = {
				ASSETCATALOG_COMPILER_APPICON_NAME = AppIcon;
				ASSETCATALOG_COMPILER_GLOBAL_ACCENT_COLOR_NAME = AccentColor;
				CODE_SIGN_ENTITLEMENTS = ViewAI/ViewAI.entitlements;
				"CODE_SIGN_IDENTITY[sdk=macosx*]" = "-";
				CODE_SIGN_STYLE = Automatic;
				COMBINE_HIDPI_IMAGES = YES;
				CURRENT_PROJECT_VERSION = 1;
				DEVELOPMENT_ASSET_PATHS = "\"ViewAI/Preview Content\"";
				DEVELOPMENT_TEAM = JYSDTS4LD4;
				ENABLE_HARDENED_RUNTIME = YES;
				ENABLE_PREVIEWS = YES;
				GENERATE_INFOPLIST_FILE = YES;
				INFOPLIST_FILE = ViewAI/Info.plist;
				INFOPLIST_KEY_NSHumanReadableCopyright = "";
				LD_RUNPATH_SEARCH_PATHS = (
					"$(inherited)",
					"@executable_path/../Frameworks",
				);
				MARKETING_VERSION = 1.0;
				PRODUCT_BUNDLE_IDENTIFIER = inception.com.ViewAI;
				PRODUCT_NAME = "$(TARGET_NAME)";
				SWIFT_EMIT_LOC_STRINGS = YES;
				SWIFT_VERSION = 5.0;
			};
			name = Debug;
		};
		0F96A88F2A00331F00AA4076 /* Release */ = {
			isa = XCBuildConfiguration;
			buildSettings = {
				ASSETCATALOG_COMPILER_APPICON_NAME = AppIcon;
				ASSETCATALOG_COMPILER_GLOBAL_ACCENT_COLOR_NAME = AccentColor;
				CODE_SIGN_ENTITLEMENTS = ViewAI/ViewAI.entitlements;
				"CODE_SIGN_IDENTITY[sdk=macosx*]" = "-";
				CODE_SIGN_STYLE = Automatic;
				COMBINE_HIDPI_IMAGES = YES;
				CURRENT_PROJECT_VERSION = 1;
				DEVELOPMENT_ASSET_PATHS = "\"ViewAI/Preview Content\"";
				DEVELOPMENT_TEAM = JYSDTS4LD4;
				ENABLE_HARDENED_RUNTIME = YES;
				ENABLE_PREVIEWS = YES;
				GENERATE_INFOPLIST_FILE = YES;
				INFOPLIST_FILE = ViewAI/Info.plist;
				INFOPLIST_KEY_NSHumanReadableCopyright = "";
				LD_RUNPATH_SEARCH_PATHS = (
					"$(inherited)",
					"@executable_path/../Frameworks",
				);
				MARKETING_VERSION = 1.0;
				PRODUCT_BUNDLE_IDENTIFIER = inception.com.ViewAI;
				PRODUCT_NAME = "$(TARGET_NAME)";
				SWIFT_EMIT_LOC_STRINGS = YES;
				SWIFT_VERSION = 5.0;
			};
			name = Release;
		};
		0F96A8912A00331F00AA4076 /* Debug */ = {
			isa = XCBuildConfiguration;
			buildSettings = {
				ALWAYS_EMBED_SWIFT_STANDARD_LIBRARIES = YES;
				BUNDLE_LOADER = "$(TEST_HOST)";
				CODE_SIGN_STYLE = Automatic;
				CURRENT_PROJECT_VERSION = 1;
				DEVELOPMENT_TEAM = JYSDTS4LD4;
				GENERATE_INFOPLIST_FILE = YES;
				MACOSX_DEPLOYMENT_TARGET = 13.2;
				MARKETING_VERSION = 1.0;
				PRODUCT_BUNDLE_IDENTIFIER = inception.com.ViewAITests;
				PRODUCT_NAME = "$(TARGET_NAME)";
				SWIFT_EMIT_LOC_STRINGS = NO;
				SWIFT_VERSION = 5.0;
				TEST_HOST = "$(BUILT_PRODUCTS_DIR)/ViewAI.app/$(BUNDLE_EXECUTABLE_FOLDER_PATH)/ViewAI";
			};
			name = Debug;
		};
		0F96A8922A00331F00AA4076 /* Release */ = {
			isa = XCBuildConfiguration;
			buildSettings = {
				ALWAYS_EMBED_SWIFT_STANDARD_LIBRARIES = YES;
				BUNDLE_LOADER = "$(TEST_HOST)";
				CODE_SIGN_STYLE = Automatic;
				CURRENT_PROJECT_VERSION = 1;
				DEVELOPMENT_TEAM = JYSDTS4LD4;
				GENERATE_INFOPLIST_FILE = YES;
				MACOSX_DEPLOYMENT_TARGET = 13.2;
				MARKETING_VERSION = 1.0;
				PRODUCT_BUNDLE_IDENTIFIER = inception.com.ViewAITests;
				PRODUCT_NAME = "$(TARGET_NAME)";
				SWIFT_EMIT_LOC_STRINGS = NO;
				SWIFT_VERSION = 5.0;
				TEST_HOST = "$(BUILT_PRODUCTS_DIR)/ViewAI.app/$(BUNDLE_EXECUTABLE_FOLDER_PATH)/ViewAI";
			};
			name = Release;
		};
		0F96A8942A00331F00AA4076 /* Debug */ = {
			isa = XCBuildConfiguration;
			buildSettings = {
				ALWAYS_EMBED_SWIFT_STANDARD_LIBRARIES = YES;
				CODE_SIGN_STYLE = Automatic;
				CURRENT_PROJECT_VERSION = 1;
				DEVELOPMENT_TEAM = JYSDTS4LD4;
				GENERATE_INFOPLIST_FILE = YES;
				MARKETING_VERSION = 1.0;
				PRODUCT_BUNDLE_IDENTIFIER = inception.com.ViewAIUITests;
				PRODUCT_NAME = "$(TARGET_NAME)";
				SWIFT_EMIT_LOC_STRINGS = NO;
				SWIFT_VERSION = 5.0;
				TEST_TARGET_NAME = ViewAI;
			};
			name = Debug;
		};
		0F96A8952A00331F00AA4076 /* Release */ = {
			isa = XCBuildConfiguration;
			buildSettings = {
				ALWAYS_EMBED_SWIFT_STANDARD_LIBRARIES = YES;
				CODE_SIGN_STYLE = Automatic;
				CURRENT_PROJECT_VERSION = 1;
				DEVELOPMENT_TEAM = JYSDTS4LD4;
				GENERATE_INFOPLIST_FILE = YES;
				MARKETING_VERSION = 1.0;
				PRODUCT_BUNDLE_IDENTIFIER = inception.com.ViewAIUITests;
				PRODUCT_NAME = "$(TARGET_NAME)";
				SWIFT_EMIT_LOC_STRINGS = NO;
				SWIFT_VERSION = 5.0;
				TEST_TARGET_NAME = ViewAI;
			};
			name = Release;
		};
/* End XCBuildConfiguration section */

/* Begin XCConfigurationList section */
		0F96A8602A00331C00AA4076 /* Build configuration list for PBXProject "ViewAI" */ = {
			isa = XCConfigurationList;
			buildConfigurations = (
				0F96A88B2A00331F00AA4076 /* Debug */,
				0F96A88C2A00331F00AA4076 /* Release */,
			);
			defaultConfigurationIsVisible = 0;
			defaultConfigurationName = Release;
		};
		0F96A88D2A00331F00AA4076 /* Build configuration list for PBXNativeTarget "ViewAI" */ = {
			isa = XCConfigurationList;
			buildConfigurations = (
				0F96A88E2A00331F00AA4076 /* Debug */,
				0F96A88F2A00331F00AA4076 /* Release */,
			);
			defaultConfigurationIsVisible = 0;
			defaultConfigurationName = Release;
		};
		0F96A8902A00331F00AA4076 /* Build configuration list for PBXNativeTarget "ViewAITests" */ = {
			isa = XCConfigurationList;
			buildConfigurations = (
				0F96A8912A00331F00AA4076 /* Debug */,
				0F96A8922A00331F00AA4076 /* Release */,
			);
			defaultConfigurationIsVisible = 0;
			defaultConfigurationName = Release;
		};
		0F96A8932A00331F00AA4076 /* Build configuration list for PBXNativeTarget "ViewAIUITests" */ = {
			isa = XCConfigurationList;
			buildConfigurations = (
				0F96A8942A00331F00AA4076 /* Debug */,
				0F96A8952A00331F00AA4076 /* Release */,
			);
			defaultConfigurationIsVisible = 0;
			defaultConfigurationName = Release;
		};
/* End XCConfigurationList section */

/* Begin XCRemoteSwiftPackageReference section */
		0FFCDEFE2A5B54DD0057A61D /* XCRemoteSwiftPackageReference "OpenAI" */ = {
			isa = XCRemoteSwiftPackageReference;
			repositoryURL = "https://github.com/MacPaw/OpenAI.git";
			requirement = {
				kind = upToNextMajorVersion;
				minimumVersion = 0.2.2;
			};
		};
/* End XCRemoteSwiftPackageReference section */

/* Begin XCSwiftPackageProductDependency section */
		0FFCDF042A5B637A0057A61D /* OpenAI */ = {
			isa = XCSwiftPackageProductDependency;
			package = 0FFCDEFE2A5B54DD0057A61D /* XCRemoteSwiftPackageReference "OpenAI" */;
			productName = OpenAI;
		};
/* End XCSwiftPackageProductDependency section */

/* Begin XCVersionGroup section */
		0FD625612A14D767004774CE /* App.xcdatamodeld */ = {
			isa = XCVersionGroup;
			children = (
				0FD625622A14D767004774CE /* App.xcdatamodel */,
			);
			currentVersion = 0FD625622A14D767004774CE /* App.xcdatamodel */;
			path = App.xcdatamodeld;
			sourceTree = "<group>";
			versionGroupType = wrapper.xcdatamodel;
		};
/* End XCVersionGroup section */
	};
	rootObject = 0F96A85D2A00331C00AA4076 /* Project object */;
}
